github.com/google/uuid v1.6.0 h1:NIvaJDMOsjHA8n1jAhLSgzrAzy1Hgr+hNrb57e+94F0=
github.com/google/uuid v1.6.0/go.mod h1:TIyPZe4MgqvfeYDBFedMoGGpEw/LqOeaOT+nhxU+yHo=
github.com/mahdi-cpp/iris-tools v1.5.9 h1:bVBdpiPz+td7lmQIdU4Y6ApJF+J+Ut9eXn68TZGWIEY=
github.com/mahdi-cpp/iris-tools v1.5.9/go.mod h1:Cy/e5cNJ0mX+SXH1CpiZJ3AZRPYCbxRr8bNQzYKYZlc=
